// !$*UTF8*$!
{
	archiveVersion = 1;
	classes = {
	};
	objectVersion = 50;
	objects = {

/* Begin PBXBuildFile section */
		100AEC2320F65CC100411F69 /* Number Formatting.swift in Sources */ = {isa = PBXBuildFile; fileRef = 100AEC2220F65CC100411F69 /* Number Formatting.swift */; };
		100C13A120FE1DBC0045ACAB /* SettingsStore.swift in Sources */ = {isa = PBXBuildFile; fileRef = 100C13A020FE1DBC0045ACAB /* SettingsStore.swift */; };
		100C13A320FE28E60045ACAB /* ForecastLocationProtocols.swift in Sources */ = {isa = PBXBuildFile; fileRef = 100C13A220FE28E60045ACAB /* ForecastLocationProtocols.swift */; };
		100F135420F4FCD500B40E1D /* WeatherInfoVC.swift in Sources */ = {isa = PBXBuildFile; fileRef = 100F135320F4FCD500B40E1D /* WeatherInfoVC.swift */; };
		1093C84A20FC42D500CFA3E3 /* WeeklyForecastVC.swift in Sources */ = {isa = PBXBuildFile; fileRef = 1093C84920FC42D500CFA3E3 /* WeeklyForecastVC.swift */; };
		1093C84C20FC436B00CFA3E3 /* DailyForecastCell.swift in Sources */ = {isa = PBXBuildFile; fileRef = 1093C84B20FC436B00CFA3E3 /* DailyForecastCell.swift */; };
		1093C84E20FC456200CFA3E3 /* SegueProtocol.swift in Sources */ = {isa = PBXBuildFile; fileRef = 1093C84D20FC456200CFA3E3 /* SegueProtocol.swift */; };
		1093F75D2108201B000BA04D /* WeatherAlertVC.swift in Sources */ = {isa = PBXBuildFile; fileRef = 1093F75C2108201B000BA04D /* WeatherAlertVC.swift */; };
		1093F75F21082237000BA04D /* WeatherAlertCell.swift in Sources */ = {isa = PBXBuildFile; fileRef = 1093F75E21082237000BA04D /* WeatherAlertCell.swift */; };
		10951BD92106C66E008CE628 /* ForecastLocation.swift in Sources */ = {isa = PBXBuildFile; fileRef = 10951BD82106C66E008CE628 /* ForecastLocation.swift */; };
		10AA683320F1548D00201F4C /* AppDelegate.swift in Sources */ = {isa = PBXBuildFile; fileRef = 10AA683220F1548D00201F4C /* AppDelegate.swift */; };
		10AA683520F1548D00201F4C /* LaunchViewController.swift in Sources */ = {isa = PBXBuildFile; fileRef = 10AA683420F1548D00201F4C /* LaunchViewController.swift */; };
		10AA683820F1548D00201F4C /* Main.storyboard in Resources */ = {isa = PBXBuildFile; fileRef = 10AA683620F1548D00201F4C /* Main.storyboard */; };
		10AA683A20F1549000201F4C /* Assets.xcassets in Resources */ = {isa = PBXBuildFile; fileRef = 10AA683920F1549000201F4C /* Assets.xcassets */; };
		10AA683D20F1549000201F4C /* LaunchScreen.storyboard in Resources */ = {isa = PBXBuildFile; fileRef = 10AA683B20F1549000201F4C /* LaunchScreen.storyboard */; };
		10AA684920F154CC00201F4C /* WeatherFetcher.swift in Sources */ = {isa = PBXBuildFile; fileRef = 10AA684820F154CC00201F4C /* WeatherFetcher.swift */; };
		10C4B416210156FC00227E11 /* LocationSearchVC.swift in Sources */ = {isa = PBXBuildFile; fileRef = 10C4B415210156FC00227E11 /* LocationSearchVC.swift */; };
		10C8DE61210402DF006F72E9 /* LocationSelectVC.swift in Sources */ = {isa = PBXBuildFile; fileRef = 10C8DE60210402DF006F72E9 /* LocationSelectVC.swift */; };
		10C8F30120FB82A800CD272C /* HourlyForecastCell.swift in Sources */ = {isa = PBXBuildFile; fileRef = 10C8F30020FB82A800CD272C /* HourlyForecastCell.swift */; };
		10C8F30320FB834000CD272C /* HourlyItemCell.swift in Sources */ = {isa = PBXBuildFile; fileRef = 10C8F30220FB834000CD272C /* HourlyItemCell.swift */; };
		10E388C720F394FA003A8E66 /* Forecast.swift in Sources */ = {isa = PBXBuildFile; fileRef = 10E388C620F394FA003A8E66 /* Forecast.swift */; };
		10F805C420FA30CF00B17B54 /* APIKey.swift in Sources */ = {isa = PBXBuildFile; fileRef = 10F805C320FA30CE00B17B54 /* APIKey.swift */; };
/* End PBXBuildFile section */

/* Begin PBXFileReference section */
		100AEC2220F65CC100411F69 /* Number Formatting.swift */ = {isa = PBXFileReference; lastKnownFileType = sourcecode.swift; path = "Number Formatting.swift"; sourceTree = "<group>"; };
		100C13A020FE1DBC0045ACAB /* SettingsStore.swift */ = {isa = PBXFileReference; lastKnownFileType = sourcecode.swift; path = SettingsStore.swift; sourceTree = "<group>"; };
		100C13A220FE28E60045ACAB /* ForecastLocationProtocols.swift */ = {isa = PBXFileReference; lastKnownFileType = sourcecode.swift; path = ForecastLocationProtocols.swift; sourceTree = "<group>"; };
		100F135320F4FCD500B40E1D /* WeatherInfoVC.swift */ = {isa = PBXFileReference; lastKnownFileType = sourcecode.swift; path = WeatherInfoVC.swift; sourceTree = "<group>"; };
		1093C84920FC42D500CFA3E3 /* WeeklyForecastVC.swift */ = {isa = PBXFileReference; lastKnownFileType = sourcecode.swift; path = WeeklyForecastVC.swift; sourceTree = "<group>"; };
		1093C84B20FC436B00CFA3E3 /* DailyForecastCell.swift */ = {isa = PBXFileReference; lastKnownFileType = sourcecode.swift; path = DailyForecastCell.swift; sourceTree = "<group>"; };
		1093C84D20FC456200CFA3E3 /* SegueProtocol.swift */ = {isa = PBXFileReference; lastKnownFileType = sourcecode.swift; path = SegueProtocol.swift; sourceTree = "<group>"; };
		1093F75C2108201B000BA04D /* WeatherAlertVC.swift */ = {isa = PBXFileReference; lastKnownFileType = sourcecode.swift; path = WeatherAlertVC.swift; sourceTree = "<group>"; };
		1093F75E21082237000BA04D /* WeatherAlertCell.swift */ = {isa = PBXFileReference; lastKnownFileType = sourcecode.swift; path = WeatherAlertCell.swift; sourceTree = "<group>"; };
		10951BD82106C66E008CE628 /* ForecastLocation.swift */ = {isa = PBXFileReference; lastKnownFileType = sourcecode.swift; path = ForecastLocation.swift; sourceTree = "<group>"; };
		10AA682F20F1548D00201F4C /* Just Weather.app */ = {isa = PBXFileReference; explicitFileType = wrapper.application; includeInIndex = 0; path = "Just Weather.app"; sourceTree = BUILT_PRODUCTS_DIR; };
		10AA683220F1548D00201F4C /* AppDelegate.swift */ = {isa = PBXFileReference; lastKnownFileType = sourcecode.swift; path = AppDelegate.swift; sourceTree = "<group>"; };
		10AA683420F1548D00201F4C /* LaunchViewController.swift */ = {isa = PBXFileReference; lastKnownFileType = sourcecode.swift; path = LaunchViewController.swift; sourceTree = "<group>"; };
		10AA683720F1548D00201F4C /* Base */ = {isa = PBXFileReference; lastKnownFileType = file.storyboard; name = Base; path = Base.lproj/Main.storyboard; sourceTree = "<group>"; };
		10AA683920F1549000201F4C /* Assets.xcassets */ = {isa = PBXFileReference; lastKnownFileType = folder.assetcatalog; path = Assets.xcassets; sourceTree = "<group>"; };
		10AA683C20F1549000201F4C /* Base */ = {isa = PBXFileReference; lastKnownFileType = file.storyboard; name = Base; path = Base.lproj/LaunchScreen.storyboard; sourceTree = "<group>"; };
		10AA683E20F1549000201F4C /* Info.plist */ = {isa = PBXFileReference; lastKnownFileType = text.plist.xml; path = Info.plist; sourceTree = "<group>"; };
		10AA684820F154CC00201F4C /* WeatherFetcher.swift */ = {isa = PBXFileReference; lastKnownFileType = sourcecode.swift; path = WeatherFetcher.swift; sourceTree = "<group>"; };
		10C4B415210156FC00227E11 /* LocationSearchVC.swift */ = {isa = PBXFileReference; lastKnownFileType = sourcecode.swift; path = LocationSearchVC.swift; sourceTree = "<group>"; };
		10C8DE60210402DF006F72E9 /* LocationSelectVC.swift */ = {isa = PBXFileReference; lastKnownFileType = sourcecode.swift; path = LocationSelectVC.swift; sourceTree = "<group>"; };
		10C8F30020FB82A800CD272C /* HourlyForecastCell.swift */ = {isa = PBXFileReference; lastKnownFileType = sourcecode.swift; path = HourlyForecastCell.swift; sourceTree = "<group>"; };
		10C8F30220FB834000CD272C /* HourlyItemCell.swift */ = {isa = PBXFileReference; lastKnownFileType = sourcecode.swift; path = HourlyItemCell.swift; sourceTree = "<group>"; };
		10E388C620F394FA003A8E66 /* Forecast.swift */ = {isa = PBXFileReference; lastKnownFileType = sourcecode.swift; path = Forecast.swift; sourceTree = "<group>"; };
		10F805C320FA30CE00B17B54 /* APIKey.swift */ = {isa = PBXFileReference; lastKnownFileType = sourcecode.swift; path = APIKey.swift; sourceTree = "<group>"; };
/* End PBXFileReference section */

/* Begin PBXFrameworksBuildPhase section */
		10AA682C20F1548D00201F4C /* Frameworks */ = {
			isa = PBXFrameworksBuildPhase;
			buildActionMask = 2147483647;
			files = (
			);
			runOnlyForDeploymentPostprocessing = 0;
		};
/* End PBXFrameworksBuildPhase section */

/* Begin PBXGroup section */
		10AA682620F1548D00201F4C = {
			isa = PBXGroup;
			children = (
				10AA683120F1548D00201F4C /* Just Weather */,
				10AA683020F1548D00201F4C /* Products */,
			);
			sourceTree = "<group>";
		};
		10AA683020F1548D00201F4C /* Products */ = {
			isa = PBXGroup;
			children = (
				10AA682F20F1548D00201F4C /* Just Weather.app */,
			);
			name = Products;
			sourceTree = "<group>";
		};
		10AA683120F1548D00201F4C /* Just Weather */ = {
			isa = PBXGroup;
			children = (
				10AA684720F154AD00201F4C /* Utils */,
				10AA684620F154A800201F4C /* Model */,
				10AA684520F154A100201F4C /* View */,
				10AA684420F1549900201F4C /* Controller */,
				10AA683220F1548D00201F4C /* AppDelegate.swift */,
				10AA683620F1548D00201F4C /* Main.storyboard */,
				10AA683920F1549000201F4C /* Assets.xcassets */,
				10AA683B20F1549000201F4C /* LaunchScreen.storyboard */,
				10AA683E20F1549000201F4C /* Info.plist */,
			);
			path = "Just Weather";
			sourceTree = "<group>";
		};
		10AA684420F1549900201F4C /* Controller */ = {
			isa = PBXGroup;
			children = (
				1093F75C2108201B000BA04D /* WeatherAlertVC.swift */,
				10AA683420F1548D00201F4C /* LaunchViewController.swift */,
				100F135320F4FCD500B40E1D /* WeatherInfoVC.swift */,
				1093C84920FC42D500CFA3E3 /* WeeklyForecastVC.swift */,
				10C4B415210156FC00227E11 /* LocationSearchVC.swift */,
				10C8DE60210402DF006F72E9 /* LocationSelectVC.swift */,
			);
			path = Controller;
			sourceTree = "<group>";
		};
		10AA684520F154A100201F4C /* View */ = {
			isa = PBXGroup;
			children = (
				10C8F30020FB82A800CD272C /* HourlyForecastCell.swift */,
				10C8F30220FB834000CD272C /* HourlyItemCell.swift */,
				1093C84B20FC436B00CFA3E3 /* DailyForecastCell.swift */,
				1093F75E21082237000BA04D /* WeatherAlertCell.swift */,
			);
			path = View;
			sourceTree = "<group>";
		};
		10AA684620F154A800201F4C /* Model */ = {
			isa = PBXGroup;
			children = (
				10E388C620F394FA003A8E66 /* Forecast.swift */,
				10951BD82106C66E008CE628 /* ForecastLocation.swift */,
			);
			path = Model;
			sourceTree = "<group>";
		};
		10AA684720F154AD00201F4C /* Utils */ = {
			isa = PBXGroup;
			children = (
				10AA684820F154CC00201F4C /* WeatherFetcher.swift */,
				100AEC2220F65CC100411F69 /* Number Formatting.swift */,
				10F805C320FA30CE00B17B54 /* APIKey.swift */,
				1093C84D20FC456200CFA3E3 /* SegueProtocol.swift */,
				100C13A020FE1DBC0045ACAB /* SettingsStore.swift */,
				100C13A220FE28E60045ACAB /* ForecastLocationProtocols.swift */,
			);
			path = Utils;
			sourceTree = "<group>";
		};
/* End PBXGroup section */

/* Begin PBXNativeTarget section */
		10AA682E20F1548D00201F4C /* Just Weather */ = {
			isa = PBXNativeTarget;
			buildConfigurationList = 10AA684120F1549000201F4C /* Build configuration list for PBXNativeTarget "Just Weather" */;
			buildPhases = (
				10AA682B20F1548D00201F4C /* Sources */,
				10AA682C20F1548D00201F4C /* Frameworks */,
				10AA682D20F1548D00201F4C /* Resources */,
			);
			buildRules = (
			);
			dependencies = (
			);
			name = "Just Weather";
			productName = "Just Weather";
			productReference = 10AA682F20F1548D00201F4C /* Just Weather.app */;
			productType = "com.apple.product-type.application";
		};
/* End PBXNativeTarget section */

/* Begin PBXProject section */
		10AA682720F1548D00201F4C /* Project object */ = {
			isa = PBXProject;
			attributes = {
				LastSwiftUpdateCheck = 0940;
				LastUpgradeCheck = 0940;
				ORGANIZATIONNAME = "Drew Lanning";
				TargetAttributes = {
					10AA682E20F1548D00201F4C = {
						CreatedOnToolsVersion = 9.4.1;
					};
				};
			};
			buildConfigurationList = 10AA682A20F1548D00201F4C /* Build configuration list for PBXProject "Just Weather" */;
			compatibilityVersion = "Xcode 9.3";
			developmentRegion = en;
			hasScannedForEncodings = 0;
			knownRegions = (
				en,
				Base,
			);
			mainGroup = 10AA682620F1548D00201F4C;
			productRefGroup = 10AA683020F1548D00201F4C /* Products */;
			projectDirPath = "";
			projectRoot = "";
			targets = (
				10AA682E20F1548D00201F4C /* Just Weather */,
			);
		};
/* End PBXProject section */

/* Begin PBXResourcesBuildPhase section */
		10AA682D20F1548D00201F4C /* Resources */ = {
			isa = PBXResourcesBuildPhase;
			buildActionMask = 2147483647;
			files = (
				10AA683D20F1549000201F4C /* LaunchScreen.storyboard in Resources */,
				10AA683A20F1549000201F4C /* Assets.xcassets in Resources */,
				10AA683820F1548D00201F4C /* Main.storyboard in Resources */,
			);
			runOnlyForDeploymentPostprocessing = 0;
		};
/* End PBXResourcesBuildPhase section */

/* Begin PBXSourcesBuildPhase section */
		10AA682B20F1548D00201F4C /* Sources */ = {
			isa = PBXSourcesBuildPhase;
			buildActionMask = 2147483647;
			files = (
				10E388C720F394FA003A8E66 /* Forecast.swift in Sources */,
				10F805C420FA30CF00B17B54 /* APIKey.swift in Sources */,
				1093F75F21082237000BA04D /* WeatherAlertCell.swift in Sources */,
				1093C84A20FC42D500CFA3E3 /* WeeklyForecastVC.swift in Sources */,
				10C8DE61210402DF006F72E9 /* LocationSelectVC.swift in Sources */,
				100C13A120FE1DBC0045ACAB /* SettingsStore.swift in Sources */,
				100AEC2320F65CC100411F69 /* Number Formatting.swift in Sources */,
				100F135420F4FCD500B40E1D /* WeatherInfoVC.swift in Sources */,
				10C4B416210156FC00227E11 /* LocationSearchVC.swift in Sources */,
				1093C84E20FC456200CFA3E3 /* SegueProtocol.swift in Sources */,
				10AA683520F1548D00201F4C /* LaunchViewController.swift in Sources */,
				1093C84C20FC436B00CFA3E3 /* DailyForecastCell.swift in Sources */,
				10C8F30320FB834000CD272C /* HourlyItemCell.swift in Sources */,
				10951BD92106C66E008CE628 /* ForecastLocation.swift in Sources */,
				100C13A320FE28E60045ACAB /* ForecastLocationProtocols.swift in Sources */,
				10C8F30120FB82A800CD272C /* HourlyForecastCell.swift in Sources */,
				10AA683320F1548D00201F4C /* AppDelegate.swift in Sources */,
				1093F75D2108201B000BA04D /* WeatherAlertVC.swift in Sources */,
				10AA684920F154CC00201F4C /* WeatherFetcher.swift in Sources */,
			);
			runOnlyForDeploymentPostprocessing = 0;
		};
/* End PBXSourcesBuildPhase section */

/* Begin PBXVariantGroup section */
		10AA683620F1548D00201F4C /* Main.storyboard */ = {
			isa = PBXVariantGroup;
			children = (
				10AA683720F1548D00201F4C /* Base */,
			);
			name = Main.storyboard;
			sourceTree = "<group>";
		};
		10AA683B20F1549000201F4C /* LaunchScreen.storyboard */ = {
			isa = PBXVariantGroup;
			children = (
				10AA683C20F1549000201F4C /* Base */,
			);
			name = LaunchScreen.storyboard;
			sourceTree = "<group>";
		};
/* End PBXVariantGroup section */

/* Begin XCBuildConfiguration section */
		10AA683F20F1549000201F4C /* Debug */ = {
			isa = XCBuildConfiguration;
			buildSettings = {
				ALWAYS_SEARCH_USER_PATHS = NO;
				CLANG_ANALYZER_NONNULL = YES;
				CLANG_ANALYZER_NUMBER_OBJECT_CONVERSION = YES_AGGRESSIVE;
				CLANG_CXX_LANGUAGE_STANDARD = "gnu++14";
				CLANG_CXX_LIBRARY = "libc++";
				CLANG_ENABLE_MODULES = YES;
				CLANG_ENABLE_OBJC_ARC = YES;
				CLANG_ENABLE_OBJC_WEAK = YES;
				CLANG_WARN_BLOCK_CAPTURE_AUTORELEASING = YES;
				CLANG_WARN_BOOL_CONVERSION = YES;
				CLANG_WARN_COMMA = YES;
				CLANG_WARN_CONSTANT_CONVERSION = YES;
				CLANG_WARN_DEPRECATED_OBJC_IMPLEMENTATIONS = YES;
				CLANG_WARN_DIRECT_OBJC_ISA_USAGE = YES_ERROR;
				CLANG_WARN_DOCUMENTATION_COMMENTS = YES;
				CLANG_WARN_EMPTY_BODY = YES;
				CLANG_WARN_ENUM_CONVERSION = YES;
				CLANG_WARN_INFINITE_RECURSION = YES;
				CLANG_WARN_INT_CONVERSION = YES;
				CLANG_WARN_NON_LITERAL_NULL_CONVERSION = YES;
				CLANG_WARN_OBJC_IMPLICIT_RETAIN_SELF = YES;
				CLANG_WARN_OBJC_LITERAL_CONVERSION = YES;
				CLANG_WARN_OBJC_ROOT_CLASS = YES_ERROR;
				CLANG_WARN_RANGE_LOOP_ANALYSIS = YES;
				CLANG_WARN_STRICT_PROTOTYPES = YES;
				CLANG_WARN_SUSPICIOUS_MOVE = YES;
				CLANG_WARN_UNGUARDED_AVAILABILITY = YES_AGGRESSIVE;
				CLANG_WARN_UNREACHABLE_CODE = YES;
				CLANG_WARN__DUPLICATE_METHOD_MATCH = YES;
				CODE_SIGN_IDENTITY = "iPhone Developer";
				COPY_PHASE_STRIP = NO;
				DEBUG_INFORMATION_FORMAT = dwarf;
				ENABLE_STRICT_OBJC_MSGSEND = YES;
				ENABLE_TESTABILITY = YES;
				GCC_C_LANGUAGE_STANDARD = gnu11;
				GCC_DYNAMIC_NO_PIC = NO;
				GCC_NO_COMMON_BLOCKS = YES;
				GCC_OPTIMIZATION_LEVEL = 0;
				GCC_PREPROCESSOR_DEFINITIONS = (
					"DEBUG=1",
					"$(inherited)",
				);
				GCC_WARN_64_TO_32_BIT_CONVERSION = YES;
				GCC_WARN_ABOUT_RETURN_TYPE = YES_ERROR;
				GCC_WARN_UNDECLARED_SELECTOR = YES;
				GCC_WARN_UNINITIALIZED_AUTOS = YES_AGGRESSIVE;
				GCC_WARN_UNUSED_FUNCTION = YES;
				GCC_WARN_UNUSED_VARIABLE = YES;
				IPHONEOS_DEPLOYMENT_TARGET = 11.4;
				MTL_ENABLE_DEBUG_INFO = YES;
				ONLY_ACTIVE_ARCH = YES;
				SDKROOT = iphoneos;
				SWIFT_ACTIVE_COMPILATION_CONDITIONS = DEBUG;
				SWIFT_OPTIMIZATION_LEVEL = "-Onone";
			};
			name = Debug;
		};
		10AA684020F1549000201F4C /* Release */ = {
			isa = XCBuildConfiguration;
			buildSettings = {
				ALWAYS_SEARCH_USER_PATHS = NO;
				CLANG_ANALYZER_NONNULL = YES;
				CLANG_ANALYZER_NUMBER_OBJECT_CONVERSION = YES_AGGRESSIVE;
				CLANG_CXX_LANGUAGE_STANDARD = "gnu++14";
				CLANG_CXX_LIBRARY = "libc++";
				CLANG_ENABLE_MODULES = YES;
				CLANG_ENABLE_OBJC_ARC = YES;
				CLANG_ENABLE_OBJC_WEAK = YES;
				CLANG_WARN_BLOCK_CAPTURE_AUTORELEASING = YES;
				CLANG_WARN_BOOL_CONVERSION = YES;
				CLANG_WARN_COMMA = YES;
				CLANG_WARN_CONSTANT_CONVERSION = YES;
				CLANG_WARN_DEPRECATED_OBJC_IMPLEMENTATIONS = YES;
				CLANG_WARN_DIRECT_OBJC_ISA_USAGE = YES_ERROR;
				CLANG_WARN_DOCUMENTATION_COMMENTS = YES;
				CLANG_WARN_EMPTY_BODY = YES;
				CLANG_WARN_ENUM_CONVERSION = YES;
				CLANG_WARN_INFINITE_RECURSION = YES;
				CLANG_WARN_INT_CONVERSION = YES;
				CLANG_WARN_NON_LITERAL_NULL_CONVERSION = YES;
				CLANG_WARN_OBJC_IMPLICIT_RETAIN_SELF = YES;
				CLANG_WARN_OBJC_LITERAL_CONVERSION = YES;
				CLANG_WARN_OBJC_ROOT_CLASS = YES_ERROR;
				CLANG_WARN_RANGE_LOOP_ANALYSIS = YES;
				CLANG_WARN_STRICT_PROTOTYPES = YES;
				CLANG_WARN_SUSPICIOUS_MOVE = YES;
				CLANG_WARN_UNGUARDED_AVAILABILITY = YES_AGGRESSIVE;
				CLANG_WARN_UNREACHABLE_CODE = YES;
				CLANG_WARN__DUPLICATE_METHOD_MATCH = YES;
				CODE_SIGN_IDENTITY = "iPhone Developer";
				COPY_PHASE_STRIP = NO;
				DEBUG_INFORMATION_FORMAT = "dwarf-with-dsym";
				ENABLE_NS_ASSERTIONS = NO;
				ENABLE_STRICT_OBJC_MSGSEND = YES;
				GCC_C_LANGUAGE_STANDARD = gnu11;
				GCC_NO_COMMON_BLOCKS = YES;
				GCC_WARN_64_TO_32_BIT_CONVERSION = YES;
				GCC_WARN_ABOUT_RETURN_TYPE = YES_ERROR;
				GCC_WARN_UNDECLARED_SELECTOR = YES;
				GCC_WARN_UNINITIALIZED_AUTOS = YES_AGGRESSIVE;
				GCC_WARN_UNUSED_FUNCTION = YES;
				GCC_WARN_UNUSED_VARIABLE = YES;
				IPHONEOS_DEPLOYMENT_TARGET = 11.4;
				MTL_ENABLE_DEBUG_INFO = NO;
				SDKROOT = iphoneos;
				SWIFT_COMPILATION_MODE = wholemodule;
				SWIFT_OPTIMIZATION_LEVEL = "-O";
				VALIDATE_PRODUCT = YES;
			};
			name = Release;
		};
		10AA684220F1549000201F4C /* Debug */ = {
			isa = XCBuildConfiguration;
			buildSettings = {
				ASSETCATALOG_COMPILER_APPICON_NAME = AppIcon;
				CODE_SIGN_STYLE = Automatic;
				DEVELOPMENT_TEAM = TFEDY5M56J;
				INFOPLIST_FILE = "Just Weather/Info.plist";
				IPHONEOS_DEPLOYMENT_TARGET = 12.0;
				LD_RUNPATH_SEARCH_PATHS = (
					"$(inherited)",
					"@executable_path/Frameworks",
				);
				PRODUCT_BUNDLE_IDENTIFIER = "com.example.Just-Weather";
				PRODUCT_NAME = "$(TARGET_NAME)";
				SWIFT_VERSION = 4.0;
				TARGETED_DEVICE_FAMILY = "1,2";
			};
			name = Debug;
		};
		10AA684320F1549000201F4C /* Release */ = {
			isa = XCBuildConfiguration;
			buildSettings = {
				ASSETCATALOG_COMPILER_APPICON_NAME = AppIcon;
				CODE_SIGN_STYLE = Automatic;
				DEVELOPMENT_TEAM = TFEDY5M56J;
				INFOPLIST_FILE = "Just Weather/Info.plist";
				IPHONEOS_DEPLOYMENT_TARGET = 12.0;
				LD_RUNPATH_SEARCH_PATHS = (
					"$(inherited)",
					"@executable_path/Frameworks",
				);
				PRODUCT_BUNDLE_IDENTIFIER = "com.example.Just-Weather";
				PRODUCT_NAME = "$(TARGET_NAME)";
				SWIFT_VERSION = 4.0;
				TARGETED_DEVICE_FAMILY = "1,2";
			};
			name = Release;
		};
/* End XCBuildConfiguration section */

/* Begin XCConfigurationList section */
		10AA682A20F1548D00201F4C /* Build configuration list for PBXProject "Just Weather" */ = {
			isa = XCConfigurationList;
			buildConfigurations = (
				10AA683F20F1549000201F4C /* Debug */,
				10AA684020F1549000201F4C /* Release */,
			);
			defaultConfigurationIsVisible = 0;
			defaultConfigurationName = Release;
		};
		10AA684120F1549000201F4C /* Build configuration list for PBXNativeTarget "Just Weather" */ = {
			isa = XCConfigurationList;
			buildConfigurations = (
				10AA684220F1549000201F4C /* Debug */,
				10AA684320F1549000201F4C /* Release */,
			);
			defaultConfigurationIsVisible = 0;
			defaultConfigurationName = Release;
		};
/* End XCConfigurationList section */
	};
	rootObject = 10AA682720F1548D00201F4C /* Project object */;
}
